
Microsoft Visual Studio Solution File, Format Version 12.00
# Visual Studio Version 16
VisualStudioVersion = 16.0.31129.286
MinimumVisualStudioVersion = 10.0.40219.1
Project("{9A19103F-16F7-4668-BE54-9A1E7A4F7556}") = "Orchard Core", "Orchard Core\Orchard Core.csproj", "{A6C3EF6A-E7FA-4683-901E-CC4D38872BA1}"
EndProject
Global
	GlobalSection(SolutionConfigurationPlatforms) = preSolution
		Debug|Any CPU = Debug|Any CPU
		Release|Any CPU = Release|Any CPU
	EndGlobalSection
	GlobalSection(ProjectConfigurationPlatforms) = postSolution
		{A6C3EF6A-E7FA-4683-901E-CC4D38872BA1}.Debug|Any CPU.ActiveCfg = Debug|Any CPU
		{A6C3EF6A-E7FA-4683-901E-CC4D38872BA1}.Debug|Any CPU.Build.0 = Debug|Any CPU
		{A6C3EF6A-E7FA-4683-901E-CC4D38872BA1}.Release|Any CPU.ActiveCfg = Release|Any CPU
		{A6C3EF6A-E7FA-4683-901E-CC4D38872BA1}.Release|Any CPU.Build.0 = Release|Any CPU
	EndGlobalSection
	GlobalSection(SolutionProperties) = preSolution
		HideSolutionNode = FALSE
	EndGlobalSection
	GlobalSection(ExtensibilityGlobals) = postSolution
		SolutionGuid = {4C034233-7AD7-4B61-8363-3AFC5374063B}
	EndGlobalSection
EndGlobal
